
Microsoft Visual Studio Solution File, Format Version 12.00
# Visual Studio Version 16
VisualStudioVersion = 16.0.32602.291
MinimumVisualStudioVersion = 10.0.40219.1
Project("{8BC9CEB8-8B4A-11D0-8D11-00A0C91BC942}") = "Cuber", "Cuber.vcxproj", "{911D5F75-2378-4A0E-8264-3CB6531D1C0E}"
EndProject
Global
	GlobalSection(SolutionConfigurationPlatforms) = preSolution
		Debug|x64 = Debug|x64
		Debug|x86 = Debug|x86
		Release|x64 = Release|x64
		Release|x86 = Release|x86
	EndGlobalSection
	GlobalSection(ProjectConfigurationPlatforms) = postSolution
		{911D5F75-2378-4A0E-8264-3CB6531D1C0E}.Debug|x64.ActiveCfg = Debug|x64
		{911D5F75-2378-4A0E-8264-3CB6531D1C0E}.Debug|x64.Build.0 = Debug|x64
		{911D5F75-2378-4A0E-8264-3CB6531D1C0E}.Debug|x86.ActiveCfg = Debug|Win32
		{911D5F75-2378-4A0E-8264-3CB6531D1C0E}.Debug|x86.Build.0 = Debug|Win32
		{911D5F75-2378-4A0E-8264-3CB6531D1C0E}.Release|x64.ActiveCfg = Release|x64
		{911D5F75-2378-4A0E-8264-3CB6531D1C0E}.Release|x64.Build.0 = Release|x64
		{911D5F75-2378-4A0E-8264-3CB6531D1C0E}.Release|x86.ActiveCfg = Release|Win32
		{911D5F75-2378-4A0E-8264-3CB6531D1C0E}.Release|x86.Build.0 = Release|Win32
	EndGlobalSection
	GlobalSection(SolutionProperties) = preSolution
		HideSolutionNode = FALSE
	EndGlobalSection
	GlobalSection(ExtensibilityGlobals) = postSolution
		SolutionGuid = {97D7DFDB-2B43-4BD4-86D7-87E445ADFE08}
	EndGlobalSection
EndGlobal
